
Microsoft Visual Studio Solution File, Format Version 12.00
# Visual Studio 15
VisualStudioVersion = 15.0.26430.6
MinimumVisualStudioVersion = 10.0.40219.1
Project("{FAE04EC0-301F-11D3-BF4B-00C04F79EFBC}") = "ReverseString", "ReverseString\ReverseString.csproj", "{79BFEBDD-325F-486A-BB48-9BDF06BD098A}"
EndProject
Project("{FAE04EC0-301F-11D3-BF4B-00C04F79EFBC}") = "CorrectBrackets", "CorrectBrackets\CorrectBrackets.csproj", "{C736E8BD-7260-40AD-9E47-7FB88600AFE4}"
EndProject
Project("{FAE04EC0-301F-11D3-BF4B-00C04F79EFBC}") = "SubStringInText", "SubStringInText\SubStringInText.csproj", "{DCF3DD0E-D69D-4454-A2A6-C9389D72838E}"
EndProject
Project("{FAE04EC0-301F-11D3-BF4B-00C04F79EFBC}") = "ParseTags", "ParseTags\ParseTags.csproj", "{0BB531CE-229A-4AA3-91A8-DB20962A2ADE}"
EndProject
Project("{FAE04EC0-301F-11D3-BF4B-00C04F79EFBC}") = "StringLength", "StringLength\StringLength.csproj", "{D6AC5343-16A5-4D2B-A240-D91700B26BEE}"
EndProject
Project("{FAE04EC0-301F-11D3-BF4B-00C04F79EFBC}") = "ExtractSentences", "ExtractSentences\ExtractSentences.csproj", "{DC726C0E-E3A4-4B28-80A0-29E9DC667AF6}"
EndProject
Project("{FAE04EC0-301F-11D3-BF4B-00C04F79EFBC}") = "ExceptionsSquareRoot", "ExceptionsSquareRoot\ExceptionsSquareRoot.csproj", "{C61609B4-FEFB-4C37-B90B-5D391966790B}"
EndProject
Project("{FAE04EC0-301F-11D3-BF4B-00C04F79EFBC}") = "ExceptionsEnterNumbers", "ExceptionsEnterNumbers\ExceptionsEnterNumbers.csproj", "{6FD6A208-9FF2-4F95-A744-4E287D21C562}"
EndProject
Project("{FAE04EC0-301F-11D3-BF4B-00C04F79EFBC}") = "UnicodeCharacters", "UnicodeCharacters\UnicodeCharacters.csproj", "{749F3492-C991-4C23-BD78-56B347BFC432}"
EndProject
Project("{FAE04EC0-301F-11D3-BF4B-00C04F79EFBC}") = "ParseUrl", "ParseUrl\ParseUrl.csproj", "{B496270A-E015-46B0-9534-EE82F1CF4747}"
EndProject
Project("{FAE04EC0-301F-11D3-BF4B-00C04F79EFBC}") = "ReplaceTags", "ReplaceTags\ReplaceTags.csproj", "{A41D9DD2-B501-416A-A565-3887CFE9692B}"
EndProject
Project("{FAE04EC0-301F-11D3-BF4B-00C04F79EFBC}") = "SeriesOfLetters", "SeriesOfLetters\SeriesOfLetters.csproj", "{4EDDC6F6-210F-48A7-B27C-CCFA30611521}"
EndProject
Global
	GlobalSection(SolutionConfigurationPlatforms) = preSolution
		Debug|Any CPU = Debug|Any CPU
		Release|Any CPU = Release|Any CPU
	EndGlobalSection
	GlobalSection(ProjectConfigurationPlatforms) = postSolution
		{79BFEBDD-325F-486A-BB48-9BDF06BD098A}.Debug|Any CPU.ActiveCfg = Debug|Any CPU
		{79BFEBDD-325F-486A-BB48-9BDF06BD098A}.Debug|Any CPU.Build.0 = Debug|Any CPU
		{79BFEBDD-325F-486A-BB48-9BDF06BD098A}.Release|Any CPU.ActiveCfg = Release|Any CPU
		{79BFEBDD-325F-486A-BB48-9BDF06BD098A}.Release|Any CPU.Build.0 = Release|Any CPU
		{C736E8BD-7260-40AD-9E47-7FB88600AFE4}.Debug|Any CPU.ActiveCfg = Debug|Any CPU
		{C736E8BD-7260-40AD-9E47-7FB88600AFE4}.Debug|Any CPU.Build.0 = Debug|Any CPU
		{C736E8BD-7260-40AD-9E47-7FB88600AFE4}.Release|Any CPU.ActiveCfg = Release|Any CPU
		{C736E8BD-7260-40AD-9E47-7FB88600AFE4}.Release|Any CPU.Build.0 = Release|Any CPU
		{DCF3DD0E-D69D-4454-A2A6-C9389D72838E}.Debug|Any CPU.ActiveCfg = Debug|Any CPU
		{DCF3DD0E-D69D-4454-A2A6-C9389D72838E}.Debug|Any CPU.Build.0 = Debug|Any CPU
		{DCF3DD0E-D69D-4454-A2A6-C9389D72838E}.Release|Any CPU.ActiveCfg = Release|Any CPU
		{DCF3DD0E-D69D-4454-A2A6-C9389D72838E}.Release|Any CPU.Build.0 = Release|Any CPU
		{0BB531CE-229A-4AA3-91A8-DB20962A2ADE}.Debug|Any CPU.ActiveCfg = Debug|Any CPU
		{0BB531CE-229A-4AA3-91A8-DB20962A2ADE}.Debug|Any CPU.Build.0 = Debug|Any CPU
		{0BB531CE-229A-4AA3-91A8-DB20962A2ADE}.Release|Any CPU.ActiveCfg = Release|Any CPU
		{0BB531CE-229A-4AA3-91A8-DB20962A2ADE}.Release|Any CPU.Build.0 = Release|Any CPU
		{D6AC5343-16A5-4D2B-A240-D91700B26BEE}.Debug|Any CPU.ActiveCfg = Debug|Any CPU
		{D6AC5343-16A5-4D2B-A240-D91700B26BEE}.Debug|Any CPU.Build.0 = Debug|Any CPU
		{D6AC5343-16A5-4D2B-A240-D91700B26BEE}.Release|Any CPU.ActiveCfg = Release|Any CPU
		{D6AC5343-16A5-4D2B-A240-D91700B26BEE}.Release|Any CPU.Build.0 = Release|Any CPU
		{DC726C0E-E3A4-4B28-80A0-29E9DC667AF6}.Debug|Any CPU.ActiveCfg = Debug|Any CPU
		{DC726C0E-E3A4-4B28-80A0-29E9DC667AF6}.Debug|Any CPU.Build.0 = Debug|Any CPU
		{DC726C0E-E3A4-4B28-80A0-29E9DC667AF6}.Release|Any CPU.ActiveCfg = Release|Any CPU
		{DC726C0E-E3A4-4B28-80A0-29E9DC667AF6}.Release|Any CPU.Build.0 = Release|Any CPU
		{C61609B4-FEFB-4C37-B90B-5D391966790B}.Debug|Any CPU.ActiveCfg = Debug|Any CPU
		{C61609B4-FEFB-4C37-B90B-5D391966790B}.Debug|Any CPU.Build.0 = Debug|Any CPU
		{C61609B4-FEFB-4C37-B90B-5D391966790B}.Release|Any CPU.ActiveCfg = Release|Any CPU
		{C61609B4-FEFB-4C37-B90B-5D391966790B}.Release|Any CPU.Build.0 = Release|Any CPU
		{6FD6A208-9FF2-4F95-A744-4E287D21C562}.Debug|Any CPU.ActiveCfg = Debug|Any CPU
		{6FD6A208-9FF2-4F95-A744-4E287D21C562}.Debug|Any CPU.Build.0 = Debug|Any CPU
		{6FD6A208-9FF2-4F95-A744-4E287D21C562}.Release|Any CPU.ActiveCfg = Release|Any CPU
		{6FD6A208-9FF2-4F95-A744-4E287D21C562}.Release|Any CPU.Build.0 = Release|Any CPU
		{749F3492-C991-4C23-BD78-56B347BFC432}.Debug|Any CPU.ActiveCfg = Debug|Any CPU
		{749F3492-C991-4C23-BD78-56B347BFC432}.Debug|Any CPU.Build.0 = Debug|Any CPU
		{749F3492-C991-4C23-BD78-56B347BFC432}.Release|Any CPU.ActiveCfg = Release|Any CPU
		{749F3492-C991-4C23-BD78-56B347BFC432}.Release|Any CPU.Build.0 = Release|Any CPU
		{B496270A-E015-46B0-9534-EE82F1CF4747}.Debug|Any CPU.ActiveCfg = Debug|Any CPU
		{B496270A-E015-46B0-9534-EE82F1CF4747}.Debug|Any CPU.Build.0 = Debug|Any CPU
		{B496270A-E015-46B0-9534-EE82F1CF4747}.Release|Any CPU.ActiveCfg = Release|Any CPU
		{B496270A-E015-46B0-9534-EE82F1CF4747}.Release|Any CPU.Build.0 = Release|Any CPU
		{A41D9DD2-B501-416A-A565-3887CFE9692B}.Debug|Any CPU.ActiveCfg = Debug|Any CPU
		{A41D9DD2-B501-416A-A565-3887CFE9692B}.Debug|Any CPU.Build.0 = Debug|Any CPU
		{A41D9DD2-B501-416A-A565-3887CFE9692B}.Release|Any CPU.ActiveCfg = Release|Any CPU
		{A41D9DD2-B501-416A-A565-3887CFE9692B}.Release|Any CPU.Build.0 = Release|Any CPU
		{4EDDC6F6-210F-48A7-B27C-CCFA30611521}.Debug|Any CPU.ActiveCfg = Debug|Any CPU
		{4EDDC6F6-210F-48A7-B27C-CCFA30611521}.Debug|Any CPU.Build.0 = Debug|Any CPU
		{4EDDC6F6-210F-48A7-B27C-CCFA30611521}.Release|Any CPU.ActiveCfg = Release|Any CPU
		{4EDDC6F6-210F-48A7-B27C-CCFA30611521}.Release|Any CPU.Build.0 = Release|Any CPU
	EndGlobalSection
	GlobalSection(SolutionProperties) = preSolution
		HideSolutionNode = FALSE
	EndGlobalSection
EndGlobal
