
Microsoft Visual Studio Solution File, Format Version 12.00
# Visual Studio 15
VisualStudioVersion = 15.0.26430.6
MinimumVisualStudioVersion = 10.0.40219.1
Project("{FAE04EC0-301F-11D3-BF4B-00C04F79EFBC}") = "Shapess", "OopPrinciplesTwo\Shapess.csproj", "{88156DCB-424F-43C1-9812-BFE59EAFD444}"
EndProject
Project("{FAE04EC0-301F-11D3-BF4B-00C04F79EFBC}") = "BankJob", "BankJob\BankJob.csproj", "{0F07A976-544D-4671-9488-54292E339E0C}"
EndProject
Global
	GlobalSection(SolutionConfigurationPlatforms) = preSolution
		Debug|Any CPU = Debug|Any CPU
		Release|Any CPU = Release|Any CPU
	EndGlobalSection
	GlobalSection(ProjectConfigurationPlatforms) = postSolution
		{88156DCB-424F-43C1-9812-BFE59EAFD444}.Debug|Any CPU.ActiveCfg = Debug|Any CPU
		{88156DCB-424F-43C1-9812-BFE59EAFD444}.Debug|Any CPU.Build.0 = Debug|Any CPU
		{88156DCB-424F-43C1-9812-BFE59EAFD444}.Release|Any CPU.ActiveCfg = Release|Any CPU
		{88156DCB-424F-43C1-9812-BFE59EAFD444}.Release|Any CPU.Build.0 = Release|Any CPU
		{0F07A976-544D-4671-9488-54292E339E0C}.Debug|Any CPU.ActiveCfg = Debug|Any CPU
		{0F07A976-544D-4671-9488-54292E339E0C}.Debug|Any CPU.Build.0 = Debug|Any CPU
		{0F07A976-544D-4671-9488-54292E339E0C}.Release|Any CPU.ActiveCfg = Release|Any CPU
		{0F07A976-544D-4671-9488-54292E339E0C}.Release|Any CPU.Build.0 = Release|Any CPU
	EndGlobalSection
	GlobalSection(SolutionProperties) = preSolution
		HideSolutionNode = FALSE
	EndGlobalSection
EndGlobal
